
Microsoft Visual Studio Solution File, Format Version 12.00
# Visual Studio Version 17
VisualStudioVersion = 17.14.36518.9 d17.14
MinimumVisualStudioVersion = 10.0.40219.1
Project("{FAE04EC0-301F-11D3-BF4B-00C04F79EFBC}") = "List Box", "List Box\List Box.csproj", "{4894D07D-A03C-442E-9744-E7B34D68F954}"
EndProject
Global
	GlobalSection(SolutionConfigurationPlatforms) = preSolution
		Debug|Any CPU = Debug|Any CPU
		Release|Any CPU = Release|Any CPU
	EndGlobalSection
	GlobalSection(ProjectConfigurationPlatforms) = postSolution
		{4894D07D-A03C-442E-9744-E7B34D68F954}.Debug|Any CPU.ActiveCfg = Debug|Any CPU
		{4894D07D-A03C-442E-9744-E7B34D68F954}.Debug|Any CPU.Build.0 = Debug|Any CPU
		{4894D07D-A03C-442E-9744-E7B34D68F954}.Release|Any CPU.ActiveCfg = Release|Any CPU
		{4894D07D-A03C-442E-9744-E7B34D68F954}.Release|Any CPU.Build.0 = Release|Any CPU
	EndGlobalSection
	GlobalSection(SolutionProperties) = preSolution
		HideSolutionNode = FALSE
	EndGlobalSection
	GlobalSection(ExtensibilityGlobals) = postSolution
		SolutionGuid = {98D3EA14-FC7F-4D27-A9FF-C509DE1615AC}
	EndGlobalSection
EndGlobal
