
Microsoft Visual Studio Solution File, Format Version 12.00
# Visual Studio Version 17
VisualStudioVersion = 17.14.36518.9 d17.14
MinimumVisualStudioVersion = 10.0.40219.1
Project("{FAE04EC0-301F-11D3-BF4B-00C04F79EFBC}") = "Checked List Box", "Checked List Box\Checked List Box.csproj", "{99FC5D44-56E1-4CA5-A442-82AF329582CF}"
EndProject
Global
	GlobalSection(SolutionConfigurationPlatforms) = preSolution
		Debug|Any CPU = Debug|Any CPU
		Release|Any CPU = Release|Any CPU
	EndGlobalSection
	GlobalSection(ProjectConfigurationPlatforms) = postSolution
		{99FC5D44-56E1-4CA5-A442-82AF329582CF}.Debug|Any CPU.ActiveCfg = Debug|Any CPU
		{99FC5D44-56E1-4CA5-A442-82AF329582CF}.Debug|Any CPU.Build.0 = Debug|Any CPU
		{99FC5D44-56E1-4CA5-A442-82AF329582CF}.Release|Any CPU.ActiveCfg = Release|Any CPU
		{99FC5D44-56E1-4CA5-A442-82AF329582CF}.Release|Any CPU.Build.0 = Release|Any CPU
	EndGlobalSection
	GlobalSection(SolutionProperties) = preSolution
		HideSolutionNode = FALSE
	EndGlobalSection
	GlobalSection(ExtensibilityGlobals) = postSolution
		SolutionGuid = {CFEC02C1-727B-4657-B1C2-2E0069E11654}
	EndGlobalSection
EndGlobal
